
Microsoft Visual Studio Solution File, Format Version 12.00
# Visual Studio 15
VisualStudioVersion = 15.0.26124.0
MinimumVisualStudioVersion = 15.0.26124.0
Project("{FAE04EC0-301F-11D3-BF4B-00C04F79EFBC}") = "Persistion", "Persistion\Persistion.csproj", "{7C4A3B1C-DA35-4852-93AD-A368E0FF0B9C}"
EndProject
Project("{FAE04EC0-301F-11D3-BF4B-00C04F79EFBC}") = "DAL", "DAL\DAL.csproj", "{40ED0CDF-0B4B-48A4-845D-AD935C0A9AF1}"
EndProject
Project("{FAE04EC0-301F-11D3-BF4B-00C04F79EFBC}") = "BL", "BL\BL.csproj", "{B38E8CF9-2811-42FA-9543-61960875A77A}"
EndProject
Project("{FAE04EC0-301F-11D3-BF4B-00C04F79EFBC}") = "PL_Console", "PL_Console\PL_Console.csproj", "{1321B52B-D9C6-46B9-87AC-5EB64A38C011}"
EndProject
Project("{FAE04EC0-301F-11D3-BF4B-00C04F79EFBC}") = "BL.test", "BL.test\BL.test.csproj", "{C8599BD8-C117-446A-9391-2D98320EF8B8}"
EndProject
Project("{FAE04EC0-301F-11D3-BF4B-00C04F79EFBC}") = "DAL.test", "DAL.test\DAL.test.csproj", "{5469F73A-3063-4CDD-BE3D-50DD06A7280D}"
EndProject
Global
	GlobalSection(SolutionConfigurationPlatforms) = preSolution
		Debug|Any CPU = Debug|Any CPU
		Debug|x64 = Debug|x64
		Debug|x86 = Debug|x86
		Release|Any CPU = Release|Any CPU
		Release|x64 = Release|x64
		Release|x86 = Release|x86
	EndGlobalSection
	GlobalSection(SolutionProperties) = preSolution
		HideSolutionNode = FALSE
	EndGlobalSection
	GlobalSection(ProjectConfigurationPlatforms) = postSolution
		{7C4A3B1C-DA35-4852-93AD-A368E0FF0B9C}.Debug|Any CPU.ActiveCfg = Debug|Any CPU
		{7C4A3B1C-DA35-4852-93AD-A368E0FF0B9C}.Debug|Any CPU.Build.0 = Debug|Any CPU
		{7C4A3B1C-DA35-4852-93AD-A368E0FF0B9C}.Debug|x64.ActiveCfg = Debug|Any CPU
		{7C4A3B1C-DA35-4852-93AD-A368E0FF0B9C}.Debug|x64.Build.0 = Debug|Any CPU
		{7C4A3B1C-DA35-4852-93AD-A368E0FF0B9C}.Debug|x86.ActiveCfg = Debug|Any CPU
		{7C4A3B1C-DA35-4852-93AD-A368E0FF0B9C}.Debug|x86.Build.0 = Debug|Any CPU
		{7C4A3B1C-DA35-4852-93AD-A368E0FF0B9C}.Release|Any CPU.ActiveCfg = Release|Any CPU
		{7C4A3B1C-DA35-4852-93AD-A368E0FF0B9C}.Release|Any CPU.Build.0 = Release|Any CPU
		{7C4A3B1C-DA35-4852-93AD-A368E0FF0B9C}.Release|x64.ActiveCfg = Release|Any CPU
		{7C4A3B1C-DA35-4852-93AD-A368E0FF0B9C}.Release|x64.Build.0 = Release|Any CPU
		{7C4A3B1C-DA35-4852-93AD-A368E0FF0B9C}.Release|x86.ActiveCfg = Release|Any CPU
		{7C4A3B1C-DA35-4852-93AD-A368E0FF0B9C}.Release|x86.Build.0 = Release|Any CPU
		{40ED0CDF-0B4B-48A4-845D-AD935C0A9AF1}.Debug|Any CPU.ActiveCfg = Debug|Any CPU
		{40ED0CDF-0B4B-48A4-845D-AD935C0A9AF1}.Debug|Any CPU.Build.0 = Debug|Any CPU
		{40ED0CDF-0B4B-48A4-845D-AD935C0A9AF1}.Debug|x64.ActiveCfg = Debug|Any CPU
		{40ED0CDF-0B4B-48A4-845D-AD935C0A9AF1}.Debug|x64.Build.0 = Debug|Any CPU
		{40ED0CDF-0B4B-48A4-845D-AD935C0A9AF1}.Debug|x86.ActiveCfg = Debug|Any CPU
		{40ED0CDF-0B4B-48A4-845D-AD935C0A9AF1}.Debug|x86.Build.0 = Debug|Any CPU
		{40ED0CDF-0B4B-48A4-845D-AD935C0A9AF1}.Release|Any CPU.ActiveCfg = Release|Any CPU
		{40ED0CDF-0B4B-48A4-845D-AD935C0A9AF1}.Release|Any CPU.Build.0 = Release|Any CPU
		{40ED0CDF-0B4B-48A4-845D-AD935C0A9AF1}.Release|x64.ActiveCfg = Release|Any CPU
		{40ED0CDF-0B4B-48A4-845D-AD935C0A9AF1}.Release|x64.Build.0 = Release|Any CPU
		{40ED0CDF-0B4B-48A4-845D-AD935C0A9AF1}.Release|x86.ActiveCfg = Release|Any CPU
		{40ED0CDF-0B4B-48A4-845D-AD935C0A9AF1}.Release|x86.Build.0 = Release|Any CPU
		{B38E8CF9-2811-42FA-9543-61960875A77A}.Debug|Any CPU.ActiveCfg = Debug|Any CPU
		{B38E8CF9-2811-42FA-9543-61960875A77A}.Debug|Any CPU.Build.0 = Debug|Any CPU
		{B38E8CF9-2811-42FA-9543-61960875A77A}.Debug|x64.ActiveCfg = Debug|Any CPU
		{B38E8CF9-2811-42FA-9543-61960875A77A}.Debug|x64.Build.0 = Debug|Any CPU
		{B38E8CF9-2811-42FA-9543-61960875A77A}.Debug|x86.ActiveCfg = Debug|Any CPU
		{B38E8CF9-2811-42FA-9543-61960875A77A}.Debug|x86.Build.0 = Debug|Any CPU
		{B38E8CF9-2811-42FA-9543-61960875A77A}.Release|Any CPU.ActiveCfg = Release|Any CPU
		{B38E8CF9-2811-42FA-9543-61960875A77A}.Release|Any CPU.Build.0 = Release|Any CPU
		{B38E8CF9-2811-42FA-9543-61960875A77A}.Release|x64.ActiveCfg = Release|Any CPU
		{B38E8CF9-2811-42FA-9543-61960875A77A}.Release|x64.Build.0 = Release|Any CPU
		{B38E8CF9-2811-42FA-9543-61960875A77A}.Release|x86.ActiveCfg = Release|Any CPU
		{B38E8CF9-2811-42FA-9543-61960875A77A}.Release|x86.Build.0 = Release|Any CPU
		{1321B52B-D9C6-46B9-87AC-5EB64A38C011}.Debug|Any CPU.ActiveCfg = Debug|Any CPU
		{1321B52B-D9C6-46B9-87AC-5EB64A38C011}.Debug|Any CPU.Build.0 = Debug|Any CPU
		{1321B52B-D9C6-46B9-87AC-5EB64A38C011}.Debug|x64.ActiveCfg = Debug|Any CPU
		{1321B52B-D9C6-46B9-87AC-5EB64A38C011}.Debug|x64.Build.0 = Debug|Any CPU
		{1321B52B-D9C6-46B9-87AC-5EB64A38C011}.Debug|x86.ActiveCfg = Debug|Any CPU
		{1321B52B-D9C6-46B9-87AC-5EB64A38C011}.Debug|x86.Build.0 = Debug|Any CPU
		{1321B52B-D9C6-46B9-87AC-5EB64A38C011}.Release|Any CPU.ActiveCfg = Release|Any CPU
		{1321B52B-D9C6-46B9-87AC-5EB64A38C011}.Release|Any CPU.Build.0 = Release|Any CPU
		{1321B52B-D9C6-46B9-87AC-5EB64A38C011}.Release|x64.ActiveCfg = Release|Any CPU
		{1321B52B-D9C6-46B9-87AC-5EB64A38C011}.Release|x64.Build.0 = Release|Any CPU
		{1321B52B-D9C6-46B9-87AC-5EB64A38C011}.Release|x86.ActiveCfg = Release|Any CPU
		{1321B52B-D9C6-46B9-87AC-5EB64A38C011}.Release|x86.Build.0 = Release|Any CPU
		{C8599BD8-C117-446A-9391-2D98320EF8B8}.Debug|Any CPU.ActiveCfg = Debug|Any CPU
		{C8599BD8-C117-446A-9391-2D98320EF8B8}.Debug|Any CPU.Build.0 = Debug|Any CPU
		{C8599BD8-C117-446A-9391-2D98320EF8B8}.Debug|x64.ActiveCfg = Debug|Any CPU
		{C8599BD8-C117-446A-9391-2D98320EF8B8}.Debug|x64.Build.0 = Debug|Any CPU
		{C8599BD8-C117-446A-9391-2D98320EF8B8}.Debug|x86.ActiveCfg = Debug|Any CPU
		{C8599BD8-C117-446A-9391-2D98320EF8B8}.Debug|x86.Build.0 = Debug|Any CPU
		{C8599BD8-C117-446A-9391-2D98320EF8B8}.Release|Any CPU.ActiveCfg = Release|Any CPU
		{C8599BD8-C117-446A-9391-2D98320EF8B8}.Release|Any CPU.Build.0 = Release|Any CPU
		{C8599BD8-C117-446A-9391-2D98320EF8B8}.Release|x64.ActiveCfg = Release|Any CPU
		{C8599BD8-C117-446A-9391-2D98320EF8B8}.Release|x64.Build.0 = Release|Any CPU
		{C8599BD8-C117-446A-9391-2D98320EF8B8}.Release|x86.ActiveCfg = Release|Any CPU
		{C8599BD8-C117-446A-9391-2D98320EF8B8}.Release|x86.Build.0 = Release|Any CPU
		{5469F73A-3063-4CDD-BE3D-50DD06A7280D}.Debug|Any CPU.ActiveCfg = Debug|Any CPU
		{5469F73A-3063-4CDD-BE3D-50DD06A7280D}.Debug|Any CPU.Build.0 = Debug|Any CPU
		{5469F73A-3063-4CDD-BE3D-50DD06A7280D}.Debug|x64.ActiveCfg = Debug|Any CPU
		{5469F73A-3063-4CDD-BE3D-50DD06A7280D}.Debug|x64.Build.0 = Debug|Any CPU
		{5469F73A-3063-4CDD-BE3D-50DD06A7280D}.Debug|x86.ActiveCfg = Debug|Any CPU
		{5469F73A-3063-4CDD-BE3D-50DD06A7280D}.Debug|x86.Build.0 = Debug|Any CPU
		{5469F73A-3063-4CDD-BE3D-50DD06A7280D}.Release|Any CPU.ActiveCfg = Release|Any CPU
		{5469F73A-3063-4CDD-BE3D-50DD06A7280D}.Release|Any CPU.Build.0 = Release|Any CPU
		{5469F73A-3063-4CDD-BE3D-50DD06A7280D}.Release|x64.ActiveCfg = Release|Any CPU
		{5469F73A-3063-4CDD-BE3D-50DD06A7280D}.Release|x64.Build.0 = Release|Any CPU
		{5469F73A-3063-4CDD-BE3D-50DD06A7280D}.Release|x86.ActiveCfg = Release|Any CPU
		{5469F73A-3063-4CDD-BE3D-50DD06A7280D}.Release|x86.Build.0 = Release|Any CPU
	EndGlobalSection
EndGlobal
